// !$*UTF8*$!
{
	archiveVersion = 1;
	classes = {
	};
	objectVersion = 55;
	objects = {

/* Begin PBXBuildFile section */
		51281A9E27EE0D6700C1EA48 /* SearchVC.swift in Sources */ = {isa = PBXBuildFile; fileRef = 51281A9D27EE0D6700C1EA48 /* SearchVC.swift */; };
		51281AA027EE0D7B00C1EA48 /* FavoriteListVC.swift in Sources */ = {isa = PBXBuildFile; fileRef = 51281A9F27EE0D7B00C1EA48 /* FavoriteListVC.swift */; };
		51281AA227EE118300C1EA48 /* GFButton.swift in Sources */ = {isa = PBXBuildFile; fileRef = 51281AA127EE118300C1EA48 /* GFButton.swift */; };
		51281AA427EE13CD00C1EA48 /* GFTextField.swift in Sources */ = {isa = PBXBuildFile; fileRef = 51281AA327EE13CD00C1EA48 /* GFTextField.swift */; };
		5171649B27F0A753002B4080 /* FollowerListVC.swift in Sources */ = {isa = PBXBuildFile; fileRef = 5171649A27F0A753002B4080 /* FollowerListVC.swift */; };
		5171649D27F0C2DE002B4080 /* GFTitleLabel.swift in Sources */ = {isa = PBXBuildFile; fileRef = 5171649C27F0C2DE002B4080 /* GFTitleLabel.swift */; };
		5171649F27F0C3EE002B4080 /* GFBodyLabel.swift in Sources */ = {isa = PBXBuildFile; fileRef = 5171649E27F0C3EE002B4080 /* GFBodyLabel.swift */; };
		517164A127F0C47E002B4080 /* GFAlertVC.swift in Sources */ = {isa = PBXBuildFile; fileRef = 517164A027F0C47E002B4080 /* GFAlertVC.swift */; };
		517164A327F0C89F002B4080 /* UIViewController+Ext.swift in Sources */ = {isa = PBXBuildFile; fileRef = 517164A227F0C89F002B4080 /* UIViewController+Ext.swift */; };
		517164A927F19575002B4080 /* Follower.swift in Sources */ = {isa = PBXBuildFile; fileRef = 517164A827F19575002B4080 /* Follower.swift */; };
		517164AB27F1960D002B4080 /* User.swift in Sources */ = {isa = PBXBuildFile; fileRef = 517164AA27F1960D002B4080 /* User.swift */; };
		517164AE27F35A6D002B4080 /* NetworkManager.swift in Sources */ = {isa = PBXBuildFile; fileRef = 517164AD27F35A6D002B4080 /* NetworkManager.swift */; };
		5187969427F495AE009E35E8 /* GFEnums.swift in Sources */ = {isa = PBXBuildFile; fileRef = 5187969327F495AE009E35E8 /* GFEnums.swift */; };
		51BCF05727F8240600C10B8D /* FollowerCell.swift in Sources */ = {isa = PBXBuildFile; fileRef = 51BCF05627F8240600C10B8D /* FollowerCell.swift */; };
		51BCF05927F8245B00C10B8D /* GFAvatarImageView.swift in Sources */ = {isa = PBXBuildFile; fileRef = 51BCF05827F8245B00C10B8D /* GFAvatarImageView.swift */; };
		51BCF05C27F83E1A00C10B8D /* UIHelper.swift in Sources */ = {isa = PBXBuildFile; fileRef = 51BCF05B27F83E1A00C10B8D /* UIHelper.swift */; };
		51BCF05E27F8D1D400C10B8D /* FollowerListVC+Ext.swift in Sources */ = {isa = PBXBuildFile; fileRef = 51BCF05D27F8D1D400C10B8D /* FollowerListVC+Ext.swift */; };
		51BCF06027FB235B00C10B8D /* GFEmptyStateView.swift in Sources */ = {isa = PBXBuildFile; fileRef = 51BCF05F27FB235B00C10B8D /* GFEmptyStateView.swift */; };
		51C93BEE27FF61B3006ADF11 /* PersistenceManager.swift in Sources */ = {isa = PBXBuildFile; fileRef = 51C93BED27FF61B3006ADF11 /* PersistenceManager.swift */; };
		51C93BF02800377A006ADF11 /* FavoriteCell.swift in Sources */ = {isa = PBXBuildFile; fileRef = 51C93BEF2800377A006ADF11 /* FavoriteCell.swift */; };
		51C93BF22800AB5C006ADF11 /* GFTabBarController.swift in Sources */ = {isa = PBXBuildFile; fileRef = 51C93BF12800AB5C006ADF11 /* GFTabBarController.swift */; };
		51D50EC627FCD67E00E26406 /* UserInfoVC.swift in Sources */ = {isa = PBXBuildFile; fileRef = 51D50EC527FCD67E00E26406 /* UserInfoVC.swift */; };
		51D50EC927FD848500E26406 /* GFUserInfoHeaderVC.swift in Sources */ = {isa = PBXBuildFile; fileRef = 51D50EC827FD848500E26406 /* GFUserInfoHeaderVC.swift */; };
		51D50ECB27FD84F600E26406 /* GFSecondaryTitleLabel.swift in Sources */ = {isa = PBXBuildFile; fileRef = 51D50ECA27FD84F600E26406 /* GFSecondaryTitleLabel.swift */; };
		51D50ED027FE17F800E26406 /* GFItemInfoView.swift in Sources */ = {isa = PBXBuildFile; fileRef = 51D50ECF27FE17F800E26406 /* GFItemInfoView.swift */; };
		51D50ED227FE1F9000E26406 /* GFItemInfoVC.swift in Sources */ = {isa = PBXBuildFile; fileRef = 51D50ED127FE1F9000E26406 /* GFItemInfoVC.swift */; };
		51D50ED427FE226600E26406 /* GFRepoItemVC.swift in Sources */ = {isa = PBXBuildFile; fileRef = 51D50ED327FE226600E26406 /* GFRepoItemVC.swift */; };
		51D50ED727FE239600E26406 /* GFFollowerItemVC.swift in Sources */ = {isa = PBXBuildFile; fileRef = 51D50ED627FE239600E26406 /* GFFollowerItemVC.swift */; };
		51D50ED927FE294300E26406 /* Date+Ext.swift in Sources */ = {isa = PBXBuildFile; fileRef = 51D50ED827FE294300E26406 /* Date+Ext.swift */; };
		51E0A27E27EDABD60047FAAB /* AppDelegate.swift in Sources */ = {isa = PBXBuildFile; fileRef = 51E0A27D27EDABD60047FAAB /* AppDelegate.swift */; };
		51E0A28027EDABD60047FAAB /* SceneDelegate.swift in Sources */ = {isa = PBXBuildFile; fileRef = 51E0A27F27EDABD60047FAAB /* SceneDelegate.swift */; };
		51E0A28727EDABD80047FAAB /* Assets.xcassets in Resources */ = {isa = PBXBuildFile; fileRef = 51E0A28627EDABD80047FAAB /* Assets.xcassets */; };
		51E0A28A27EDABD80047FAAB /* LaunchScreen.storyboard in Resources */ = {isa = PBXBuildFile; fileRef = 51E0A28827EDABD80047FAAB /* LaunchScreen.storyboard */; };
/* End PBXBuildFile section */

/* Begin PBXFileReference section */
		51281A9D27EE0D6700C1EA48 /* SearchVC.swift */ = {isa = PBXFileReference; lastKnownFileType = sourcecode.swift; path = SearchVC.swift; sourceTree = "<group>"; };
		51281A9F27EE0D7B00C1EA48 /* FavoriteListVC.swift */ = {isa = PBXFileReference; lastKnownFileType = sourcecode.swift; path = FavoriteListVC.swift; sourceTree = "<group>"; };
		51281AA127EE118300C1EA48 /* GFButton.swift */ = {isa = PBXFileReference; lastKnownFileType = sourcecode.swift; path = GFButton.swift; sourceTree = "<group>"; };
		51281AA327EE13CD00C1EA48 /* GFTextField.swift */ = {isa = PBXFileReference; lastKnownFileType = sourcecode.swift; path = GFTextField.swift; sourceTree = "<group>"; };
		5171649A27F0A753002B4080 /* FollowerListVC.swift */ = {isa = PBXFileReference; lastKnownFileType = sourcecode.swift; path = FollowerListVC.swift; sourceTree = "<group>"; };
		5171649C27F0C2DE002B4080 /* GFTitleLabel.swift */ = {isa = PBXFileReference; lastKnownFileType = sourcecode.swift; path = GFTitleLabel.swift; sourceTree = "<group>"; };
		5171649E27F0C3EE002B4080 /* GFBodyLabel.swift */ = {isa = PBXFileReference; lastKnownFileType = sourcecode.swift; path = GFBodyLabel.swift; sourceTree = "<group>"; };
		517164A027F0C47E002B4080 /* GFAlertVC.swift */ = {isa = PBXFileReference; lastKnownFileType = sourcecode.swift; path = GFAlertVC.swift; sourceTree = "<group>"; };
		517164A227F0C89F002B4080 /* UIViewController+Ext.swift */ = {isa = PBXFileReference; lastKnownFileType = sourcecode.swift; path = "UIViewController+Ext.swift"; sourceTree = "<group>"; };
		517164A827F19575002B4080 /* Follower.swift */ = {isa = PBXFileReference; lastKnownFileType = sourcecode.swift; path = Follower.swift; sourceTree = "<group>"; };
		517164AA27F1960D002B4080 /* User.swift */ = {isa = PBXFileReference; lastKnownFileType = sourcecode.swift; path = User.swift; sourceTree = "<group>"; };
		517164AD27F35A6D002B4080 /* NetworkManager.swift */ = {isa = PBXFileReference; lastKnownFileType = sourcecode.swift; path = NetworkManager.swift; sourceTree = "<group>"; };
		5187969327F495AE009E35E8 /* GFEnums.swift */ = {isa = PBXFileReference; lastKnownFileType = sourcecode.swift; path = GFEnums.swift; sourceTree = "<group>"; };
		51BCF05627F8240600C10B8D /* FollowerCell.swift */ = {isa = PBXFileReference; lastKnownFileType = sourcecode.swift; path = FollowerCell.swift; sourceTree = "<group>"; };
		51BCF05827F8245B00C10B8D /* GFAvatarImageView.swift */ = {isa = PBXFileReference; lastKnownFileType = sourcecode.swift; path = GFAvatarImageView.swift; sourceTree = "<group>"; };
		51BCF05B27F83E1A00C10B8D /* UIHelper.swift */ = {isa = PBXFileReference; lastKnownFileType = sourcecode.swift; path = UIHelper.swift; sourceTree = "<group>"; };
		51BCF05D27F8D1D400C10B8D /* FollowerListVC+Ext.swift */ = {isa = PBXFileReference; lastKnownFileType = sourcecode.swift; path = "FollowerListVC+Ext.swift"; sourceTree = "<group>"; };
		51BCF05F27FB235B00C10B8D /* GFEmptyStateView.swift */ = {isa = PBXFileReference; lastKnownFileType = sourcecode.swift; path = GFEmptyStateView.swift; sourceTree = "<group>"; };
		51C93BED27FF61B3006ADF11 /* PersistenceManager.swift */ = {isa = PBXFileReference; lastKnownFileType = sourcecode.swift; path = PersistenceManager.swift; sourceTree = "<group>"; };
		51C93BEF2800377A006ADF11 /* FavoriteCell.swift */ = {isa = PBXFileReference; lastKnownFileType = sourcecode.swift; path = FavoriteCell.swift; sourceTree = "<group>"; };
		51C93BF12800AB5C006ADF11 /* GFTabBarController.swift */ = {isa = PBXFileReference; lastKnownFileType = sourcecode.swift; path = GFTabBarController.swift; sourceTree = "<group>"; };
		51D50EC527FCD67E00E26406 /* UserInfoVC.swift */ = {isa = PBXFileReference; lastKnownFileType = sourcecode.swift; path = UserInfoVC.swift; sourceTree = "<group>"; };
		51D50EC827FD848500E26406 /* GFUserInfoHeaderVC.swift */ = {isa = PBXFileReference; lastKnownFileType = sourcecode.swift; path = GFUserInfoHeaderVC.swift; sourceTree = "<group>"; };
		51D50ECA27FD84F600E26406 /* GFSecondaryTitleLabel.swift */ = {isa = PBXFileReference; lastKnownFileType = sourcecode.swift; path = GFSecondaryTitleLabel.swift; sourceTree = "<group>"; };
		51D50ECF27FE17F800E26406 /* GFItemInfoView.swift */ = {isa = PBXFileReference; lastKnownFileType = sourcecode.swift; path = GFItemInfoView.swift; sourceTree = "<group>"; };
		51D50ED127FE1F9000E26406 /* GFItemInfoVC.swift */ = {isa = PBXFileReference; lastKnownFileType = sourcecode.swift; path = GFItemInfoVC.swift; sourceTree = "<group>"; };
		51D50ED327FE226600E26406 /* GFRepoItemVC.swift */ = {isa = PBXFileReference; lastKnownFileType = sourcecode.swift; path = GFRepoItemVC.swift; sourceTree = "<group>"; };
		51D50ED627FE239600E26406 /* GFFollowerItemVC.swift */ = {isa = PBXFileReference; lastKnownFileType = sourcecode.swift; path = GFFollowerItemVC.swift; sourceTree = "<group>"; };
		51D50ED827FE294300E26406 /* Date+Ext.swift */ = {isa = PBXFileReference; lastKnownFileType = sourcecode.swift; path = "Date+Ext.swift"; sourceTree = "<group>"; };
		51E0A27A27EDABD60047FAAB /* GithubFollowers.app */ = {isa = PBXFileReference; explicitFileType = wrapper.application; includeInIndex = 0; path = GithubFollowers.app; sourceTree = BUILT_PRODUCTS_DIR; };
		51E0A27D27EDABD60047FAAB /* AppDelegate.swift */ = {isa = PBXFileReference; lastKnownFileType = sourcecode.swift; path = AppDelegate.swift; sourceTree = "<group>"; };
		51E0A27F27EDABD60047FAAB /* SceneDelegate.swift */ = {isa = PBXFileReference; lastKnownFileType = sourcecode.swift; path = SceneDelegate.swift; sourceTree = "<group>"; };
		51E0A28627EDABD80047FAAB /* Assets.xcassets */ = {isa = PBXFileReference; lastKnownFileType = folder.assetcatalog; path = Assets.xcassets; sourceTree = "<group>"; };
		51E0A28927EDABD80047FAAB /* Base */ = {isa = PBXFileReference; lastKnownFileType = file.storyboard; name = Base; path = Base.lproj/LaunchScreen.storyboard; sourceTree = "<group>"; };
		51E0A28B27EDABD80047FAAB /* Info.plist */ = {isa = PBXFileReference; lastKnownFileType = text.plist.xml; path = Info.plist; sourceTree = "<group>"; };
/* End PBXFileReference section */

/* Begin PBXFrameworksBuildPhase section */
		51E0A27727EDABD60047FAAB /* Frameworks */ = {
			isa = PBXFrameworksBuildPhase;
			buildActionMask = 2147483647;
			files = (
			);
			runOnlyForDeploymentPostprocessing = 0;
		};
/* End PBXFrameworksBuildPhase section */

/* Begin PBXGroup section */
		517164A427F0CA5F002B4080 /* controller */ = {
			isa = PBXGroup;
			children = (
				51D50EDC27FEE74800E26406 /* main_vc */,
				51D50EC727FD819400E26406 /* custom_vc */,
			);
			path = controller;
			sourceTree = "<group>";
		};
		517164A527F0CA7F002B4080 /* widget */ = {
			isa = PBXGroup;
			children = (
				51C93BF32800EC97006ADF11 /* label */,
				51BCF05827F8245B00C10B8D /* GFAvatarImageView.swift */,
				51281AA127EE118300C1EA48 /* GFButton.swift */,
				51281AA327EE13CD00C1EA48 /* GFTextField.swift */,
			);
			path = widget;
			sourceTree = "<group>";
		};
		517164A627F0CA94002B4080 /* extension */ = {
			isa = PBXGroup;
			children = (
				517164A227F0C89F002B4080 /* UIViewController+Ext.swift */,
				51BCF05D27F8D1D400C10B8D /* FollowerListVC+Ext.swift */,
				51D50ED827FE294300E26406 /* Date+Ext.swift */,
			);
			path = extension;
			sourceTree = "<group>";
		};
		517164A727F19569002B4080 /* model */ = {
			isa = PBXGroup;
			children = (
				517164A827F19575002B4080 /* Follower.swift */,
				517164AA27F1960D002B4080 /* User.swift */,
			);
			path = model;
			sourceTree = "<group>";
		};
		517164AC27F35A60002B4080 /* manager */ = {
			isa = PBXGroup;
			children = (
				517164AD27F35A6D002B4080 /* NetworkManager.swift */,
				51C93BED27FF61B3006ADF11 /* PersistenceManager.swift */,
			);
			path = manager;
			sourceTree = "<group>";
		};
		5187969227F4959D009E35E8 /* util */ = {
			isa = PBXGroup;
			children = (
				51BCF05B27F83E1A00C10B8D /* UIHelper.swift */,
				5187969327F495AE009E35E8 /* GFEnums.swift */,
			);
			path = util;
			sourceTree = "<group>";
		};
		51BCF05A27F834FD00C10B8D /* cell */ = {
			isa = PBXGroup;
			children = (
				51BCF05627F8240600C10B8D /* FollowerCell.swift */,
				51C93BEF2800377A006ADF11 /* FavoriteCell.swift */,
			);
			path = cell;
			sourceTree = "<group>";
		};
		51C93BF32800EC97006ADF11 /* label */ = {
			isa = PBXGroup;
			children = (
				51D50ECA27FD84F600E26406 /* GFSecondaryTitleLabel.swift */,
				5171649C27F0C2DE002B4080 /* GFTitleLabel.swift */,
				5171649E27F0C3EE002B4080 /* GFBodyLabel.swift */,
			);
			path = label;
			sourceTree = "<group>";
		};
		51D50EC727FD819400E26406 /* custom_vc */ = {
			isa = PBXGroup;
			children = (
				51D50ED527FE237D00E26406 /* item_info */,
				517164A027F0C47E002B4080 /* GFAlertVC.swift */,
				51C93BF12800AB5C006ADF11 /* GFTabBarController.swift */,
			);
			path = custom_vc;
			sourceTree = "<group>";
		};
		51D50ECE27FE17D600E26406 /* view */ = {
			isa = PBXGroup;
			children = (
				51BCF05A27F834FD00C10B8D /* cell */,
				51BCF05F27FB235B00C10B8D /* GFEmptyStateView.swift */,
				51D50ECF27FE17F800E26406 /* GFItemInfoView.swift */,
			);
			path = view;
			sourceTree = "<group>";
		};
		51D50ED527FE237D00E26406 /* item_info */ = {
			isa = PBXGroup;
			children = (
				51D50EC827FD848500E26406 /* GFUserInfoHeaderVC.swift */,
				51D50ED127FE1F9000E26406 /* GFItemInfoVC.swift */,
				51D50ED327FE226600E26406 /* GFRepoItemVC.swift */,
				51D50ED627FE239600E26406 /* GFFollowerItemVC.swift */,
			);
			path = item_info;
			sourceTree = "<group>";
		};
		51D50EDC27FEE74800E26406 /* main_vc */ = {
			isa = PBXGroup;
			children = (
				51281A9D27EE0D6700C1EA48 /* SearchVC.swift */,
				51281A9F27EE0D7B00C1EA48 /* FavoriteListVC.swift */,
				5171649A27F0A753002B4080 /* FollowerListVC.swift */,
				51D50EC527FCD67E00E26406 /* UserInfoVC.swift */,
			);
			path = main_vc;
			sourceTree = "<group>";
		};
		51E0A27127EDABD60047FAAB = {
			isa = PBXGroup;
			children = (
				51E0A27C27EDABD60047FAAB /* GithubFollowers */,
				51E0A27B27EDABD60047FAAB /* Products */,
			);
			sourceTree = "<group>";
		};
		51E0A27B27EDABD60047FAAB /* Products */ = {
			isa = PBXGroup;
			children = (
				51E0A27A27EDABD60047FAAB /* GithubFollowers.app */,
			);
			name = Products;
			sourceTree = "<group>";
		};
		51E0A27C27EDABD60047FAAB /* GithubFollowers */ = {
			isa = PBXGroup;
			children = (
				51E0A27D27EDABD60047FAAB /* AppDelegate.swift */,
				51E0A27F27EDABD60047FAAB /* SceneDelegate.swift */,
				51E0A28627EDABD80047FAAB /* Assets.xcassets */,
				51E0A28827EDABD80047FAAB /* LaunchScreen.storyboard */,
				51E0A28B27EDABD80047FAAB /* Info.plist */,
				51D50ECE27FE17D600E26406 /* view */,
				5187969227F4959D009E35E8 /* util */,
				517164AC27F35A60002B4080 /* manager */,
				517164A727F19569002B4080 /* model */,
				517164A427F0CA5F002B4080 /* controller */,
				517164A527F0CA7F002B4080 /* widget */,
				517164A627F0CA94002B4080 /* extension */,
			);
			path = GithubFollowers;
			sourceTree = "<group>";
		};
/* End PBXGroup section */

/* Begin PBXNativeTarget section */
		51E0A27927EDABD60047FAAB /* GithubFollowers */ = {
			isa = PBXNativeTarget;
			buildConfigurationList = 51E0A28E27EDABD80047FAAB /* Build configuration list for PBXNativeTarget "GithubFollowers" */;
			buildPhases = (
				51E0A27627EDABD60047FAAB /* Sources */,
				51E0A27727EDABD60047FAAB /* Frameworks */,
				51E0A27827EDABD60047FAAB /* Resources */,
			);
			buildRules = (
			);
			dependencies = (
			);
			name = GithubFollowers;
			productName = GithubFollowers;
			productReference = 51E0A27A27EDABD60047FAAB /* GithubFollowers.app */;
			productType = "com.apple.product-type.application";
		};
/* End PBXNativeTarget section */

/* Begin PBXProject section */
		51E0A27227EDABD60047FAAB /* Project object */ = {
			isa = PBXProject;
			attributes = {
				BuildIndependentTargetsInParallel = 1;
				LastSwiftUpdateCheck = 1330;
				LastUpgradeCheck = 1330;
				TargetAttributes = {
					51E0A27927EDABD60047FAAB = {
						CreatedOnToolsVersion = 13.3;
					};
				};
			};
			buildConfigurationList = 51E0A27527EDABD60047FAAB /* Build configuration list for PBXProject "GithubFollowers" */;
			compatibilityVersion = "Xcode 13.0";
			developmentRegion = en;
			hasScannedForEncodings = 0;
			knownRegions = (
				en,
				Base,
			);
			mainGroup = 51E0A27127EDABD60047FAAB;
			productRefGroup = 51E0A27B27EDABD60047FAAB /* Products */;
			projectDirPath = "";
			projectRoot = "";
			targets = (
				51E0A27927EDABD60047FAAB /* GithubFollowers */,
			);
		};
/* End PBXProject section */

/* Begin PBXResourcesBuildPhase section */
		51E0A27827EDABD60047FAAB /* Resources */ = {
			isa = PBXResourcesBuildPhase;
			buildActionMask = 2147483647;
			files = (
				51E0A28A27EDABD80047FAAB /* LaunchScreen.storyboard in Resources */,
				51E0A28727EDABD80047FAAB /* Assets.xcassets in Resources */,
			);
			runOnlyForDeploymentPostprocessing = 0;
		};
/* End PBXResourcesBuildPhase section */

/* Begin PBXSourcesBuildPhase section */
		51E0A27627EDABD60047FAAB /* Sources */ = {
			isa = PBXSourcesBuildPhase;
			buildActionMask = 2147483647;
			files = (
				517164AB27F1960D002B4080 /* User.swift in Sources */,
				51281AA427EE13CD00C1EA48 /* GFTextField.swift in Sources */,
				51281A9E27EE0D6700C1EA48 /* SearchVC.swift in Sources */,
				51D50EC927FD848500E26406 /* GFUserInfoHeaderVC.swift in Sources */,
				517164AE27F35A6D002B4080 /* NetworkManager.swift in Sources */,
				51281AA227EE118300C1EA48 /* GFButton.swift in Sources */,
				51D50ED227FE1F9000E26406 /* GFItemInfoVC.swift in Sources */,
				51BCF06027FB235B00C10B8D /* GFEmptyStateView.swift in Sources */,
				51D50ECB27FD84F600E26406 /* GFSecondaryTitleLabel.swift in Sources */,
				51BCF05C27F83E1A00C10B8D /* UIHelper.swift in Sources */,
				51BCF05927F8245B00C10B8D /* GFAvatarImageView.swift in Sources */,
				51D50ED727FE239600E26406 /* GFFollowerItemVC.swift in Sources */,
				517164A327F0C89F002B4080 /* UIViewController+Ext.swift in Sources */,
				51C93BF02800377A006ADF11 /* FavoriteCell.swift in Sources */,
				51E0A27E27EDABD60047FAAB /* AppDelegate.swift in Sources */,
				51C93BF22800AB5C006ADF11 /* GFTabBarController.swift in Sources */,
				51BCF05727F8240600C10B8D /* FollowerCell.swift in Sources */,
				51D50EC627FCD67E00E26406 /* UserInfoVC.swift in Sources */,
				517164A127F0C47E002B4080 /* GFAlertVC.swift in Sources */,
				5171649F27F0C3EE002B4080 /* GFBodyLabel.swift in Sources */,
				517164A927F19575002B4080 /* Follower.swift in Sources */,
				51D50ED927FE294300E26406 /* Date+Ext.swift in Sources */,
				51C93BEE27FF61B3006ADF11 /* PersistenceManager.swift in Sources */,
				5171649D27F0C2DE002B4080 /* GFTitleLabel.swift in Sources */,
				5171649B27F0A753002B4080 /* FollowerListVC.swift in Sources */,
				51281AA027EE0D7B00C1EA48 /* FavoriteListVC.swift in Sources */,
				51BCF05E27F8D1D400C10B8D /* FollowerListVC+Ext.swift in Sources */,
				5187969427F495AE009E35E8 /* GFEnums.swift in Sources */,
				51D50ED027FE17F800E26406 /* GFItemInfoView.swift in Sources */,
				51D50ED427FE226600E26406 /* GFRepoItemVC.swift in Sources */,
				51E0A28027EDABD60047FAAB /* SceneDelegate.swift in Sources */,
			);
			runOnlyForDeploymentPostprocessing = 0;
		};
/* End PBXSourcesBuildPhase section */

/* Begin PBXVariantGroup section */
		51E0A28827EDABD80047FAAB /* LaunchScreen.storyboard */ = {
			isa = PBXVariantGroup;
			children = (
				51E0A28927EDABD80047FAAB /* Base */,
			);
			name = LaunchScreen.storyboard;
			sourceTree = "<group>";
		};
/* End PBXVariantGroup section */

/* Begin XCBuildConfiguration section */
		51E0A28C27EDABD80047FAAB /* Debug */ = {
			isa = XCBuildConfiguration;
			buildSettings = {
				ALWAYS_SEARCH_USER_PATHS = NO;
				CLANG_ANALYZER_NONNULL = YES;
				CLANG_ANALYZER_NUMBER_OBJECT_CONVERSION = YES_AGGRESSIVE;
				CLANG_CXX_LANGUAGE_STANDARD = "gnu++17";
				CLANG_ENABLE_MODULES = YES;
				CLANG_ENABLE_OBJC_ARC = YES;
				CLANG_ENABLE_OBJC_WEAK = YES;
				CLANG_WARN_BLOCK_CAPTURE_AUTORELEASING = YES;
				CLANG_WARN_BOOL_CONVERSION = YES;
				CLANG_WARN_COMMA = YES;
				CLANG_WARN_CONSTANT_CONVERSION = YES;
				CLANG_WARN_DEPRECATED_OBJC_IMPLEMENTATIONS = YES;
				CLANG_WARN_DIRECT_OBJC_ISA_USAGE = YES_ERROR;
				CLANG_WARN_DOCUMENTATION_COMMENTS = YES;
				CLANG_WARN_EMPTY_BODY = YES;
				CLANG_WARN_ENUM_CONVERSION = YES;
				CLANG_WARN_INFINITE_RECURSION = YES;
				CLANG_WARN_INT_CONVERSION = YES;
				CLANG_WARN_NON_LITERAL_NULL_CONVERSION = YES;
				CLANG_WARN_OBJC_IMPLICIT_RETAIN_SELF = YES;
				CLANG_WARN_OBJC_LITERAL_CONVERSION = YES;
				CLANG_WARN_OBJC_ROOT_CLASS = YES_ERROR;
				CLANG_WARN_QUOTED_INCLUDE_IN_FRAMEWORK_HEADER = YES;
				CLANG_WARN_RANGE_LOOP_ANALYSIS = YES;
				CLANG_WARN_STRICT_PROTOTYPES = YES;
				CLANG_WARN_SUSPICIOUS_MOVE = YES;
				CLANG_WARN_UNGUARDED_AVAILABILITY = YES_AGGRESSIVE;
				CLANG_WARN_UNREACHABLE_CODE = YES;
				CLANG_WARN__DUPLICATE_METHOD_MATCH = YES;
				COPY_PHASE_STRIP = NO;
				DEBUG_INFORMATION_FORMAT = dwarf;
				ENABLE_STRICT_OBJC_MSGSEND = YES;
				ENABLE_TESTABILITY = YES;
				GCC_C_LANGUAGE_STANDARD = gnu11;
				GCC_DYNAMIC_NO_PIC = NO;
				GCC_NO_COMMON_BLOCKS = YES;
				GCC_OPTIMIZATION_LEVEL = 0;
				GCC_PREPROCESSOR_DEFINITIONS = (
					"DEBUG=1",
					"$(inherited)",
				);
				GCC_WARN_64_TO_32_BIT_CONVERSION = YES;
				GCC_WARN_ABOUT_RETURN_TYPE = YES_ERROR;
				GCC_WARN_UNDECLARED_SELECTOR = YES;
				GCC_WARN_UNINITIALIZED_AUTOS = YES_AGGRESSIVE;
				GCC_WARN_UNUSED_FUNCTION = YES;
				GCC_WARN_UNUSED_VARIABLE = YES;
				IPHONEOS_DEPLOYMENT_TARGET = 15.4;
				MTL_ENABLE_DEBUG_INFO = INCLUDE_SOURCE;
				MTL_FAST_MATH = YES;
				ONLY_ACTIVE_ARCH = YES;
				SDKROOT = iphoneos;
				SWIFT_ACTIVE_COMPILATION_CONDITIONS = DEBUG;
				SWIFT_OPTIMIZATION_LEVEL = "-Onone";
			};
			name = Debug;
		};
		51E0A28D27EDABD80047FAAB /* Release */ = {
			isa = XCBuildConfiguration;
			buildSettings = {
				ALWAYS_SEARCH_USER_PATHS = NO;
				CLANG_ANALYZER_NONNULL = YES;
				CLANG_ANALYZER_NUMBER_OBJECT_CONVERSION = YES_AGGRESSIVE;
				CLANG_CXX_LANGUAGE_STANDARD = "gnu++17";
				CLANG_ENABLE_MODULES = YES;
				CLANG_ENABLE_OBJC_ARC = YES;
				CLANG_ENABLE_OBJC_WEAK = YES;
				CLANG_WARN_BLOCK_CAPTURE_AUTORELEASING = YES;
				CLANG_WARN_BOOL_CONVERSION = YES;
				CLANG_WARN_COMMA = YES;
				CLANG_WARN_CONSTANT_CONVERSION = YES;
				CLANG_WARN_DEPRECATED_OBJC_IMPLEMENTATIONS = YES;
				CLANG_WARN_DIRECT_OBJC_ISA_USAGE = YES_ERROR;
				CLANG_WARN_DOCUMENTATION_COMMENTS = YES;
				CLANG_WARN_EMPTY_BODY = YES;
				CLANG_WARN_ENUM_CONVERSION = YES;
				CLANG_WARN_INFINITE_RECURSION = YES;
				CLANG_WARN_INT_CONVERSION = YES;
				CLANG_WARN_NON_LITERAL_NULL_CONVERSION = YES;
				CLANG_WARN_OBJC_IMPLICIT_RETAIN_SELF = YES;
				CLANG_WARN_OBJC_LITERAL_CONVERSION = YES;
				CLANG_WARN_OBJC_ROOT_CLASS = YES_ERROR;
				CLANG_WARN_QUOTED_INCLUDE_IN_FRAMEWORK_HEADER = YES;
				CLANG_WARN_RANGE_LOOP_ANALYSIS = YES;
				CLANG_WARN_STRICT_PROTOTYPES = YES;
				CLANG_WARN_SUSPICIOUS_MOVE = YES;
				CLANG_WARN_UNGUARDED_AVAILABILITY = YES_AGGRESSIVE;
				CLANG_WARN_UNREACHABLE_CODE = YES;
				CLANG_WARN__DUPLICATE_METHOD_MATCH = YES;
				COPY_PHASE_STRIP = NO;
				DEBUG_INFORMATION_FORMAT = "dwarf-with-dsym";
				ENABLE_NS_ASSERTIONS = NO;
				ENABLE_STRICT_OBJC_MSGSEND = YES;
				GCC_C_LANGUAGE_STANDARD = gnu11;
				GCC_NO_COMMON_BLOCKS = YES;
				GCC_WARN_64_TO_32_BIT_CONVERSION = YES;
				GCC_WARN_ABOUT_RETURN_TYPE = YES_ERROR;
				GCC_WARN_UNDECLARED_SELECTOR = YES;
				GCC_WARN_UNINITIALIZED_AUTOS = YES_AGGRESSIVE;
				GCC_WARN_UNUSED_FUNCTION = YES;
				GCC_WARN_UNUSED_VARIABLE = YES;
				IPHONEOS_DEPLOYMENT_TARGET = 15.4;
				MTL_ENABLE_DEBUG_INFO = NO;
				MTL_FAST_MATH = YES;
				SDKROOT = iphoneos;
				SWIFT_COMPILATION_MODE = wholemodule;
				SWIFT_OPTIMIZATION_LEVEL = "-O";
				VALIDATE_PRODUCT = YES;
			};
			name = Release;
		};
		51E0A28F27EDABD80047FAAB /* Debug */ = {
			isa = XCBuildConfiguration;
			buildSettings = {
				ASSETCATALOG_COMPILER_APPICON_NAME = AppIcon;
				ASSETCATALOG_COMPILER_GLOBAL_ACCENT_COLOR_NAME = AccentColor;
				CODE_SIGN_STYLE = Automatic;
				CURRENT_PROJECT_VERSION = 1.0.3;
				DEVELOPMENT_TEAM = 8FNYAR5ABD;
				GENERATE_INFOPLIST_FILE = YES;
				INFOPLIST_FILE = GithubFollowers/Info.plist;
				INFOPLIST_KEY_CFBundleDisplayName = GithubGeeks;
				INFOPLIST_KEY_UIApplicationSupportsIndirectInputEvents = YES;
				INFOPLIST_KEY_UILaunchStoryboardName = LaunchScreen;
				INFOPLIST_KEY_UISupportedInterfaceOrientations = "UIInterfaceOrientationPortrait UIInterfaceOrientationPortraitUpsideDown";
				INFOPLIST_KEY_UISupportedInterfaceOrientations_iPad = "UIInterfaceOrientationPortrait UIInterfaceOrientationPortraitUpsideDown UIInterfaceOrientationLandscapeLeft UIInterfaceOrientationLandscapeRight";
				INFOPLIST_KEY_UISupportedInterfaceOrientations_iPhone = "UIInterfaceOrientationPortrait UIInterfaceOrientationLandscapeLeft UIInterfaceOrientationLandscapeRight";
				LD_RUNPATH_SEARCH_PATHS = (
					"$(inherited)",
					"@executable_path/Frameworks",
				);
				MARKETING_VERSION = 1.0;
				PRODUCT_BUNDLE_IDENTIFIER = indiestudio.me.GithubGeeks;
				PRODUCT_NAME = "$(TARGET_NAME)";
				SWIFT_EMIT_LOC_STRINGS = YES;
				SWIFT_VERSION = 5.0;
				TARGETED_DEVICE_FAMILY = "1,2";
			};
			name = Debug;
		};
		51E0A29027EDABD80047FAAB /* Release */ = {
			isa = XCBuildConfiguration;
			buildSettings = {
				ASSETCATALOG_COMPILER_APPICON_NAME = AppIcon;
				ASSETCATALOG_COMPILER_GLOBAL_ACCENT_COLOR_NAME = AccentColor;
				CODE_SIGN_STYLE = Automatic;
				CURRENT_PROJECT_VERSION = 1.0.3;
				DEVELOPMENT_TEAM = 8FNYAR5ABD;
				GENERATE_INFOPLIST_FILE = YES;
				INFOPLIST_FILE = GithubFollowers/Info.plist;
				INFOPLIST_KEY_CFBundleDisplayName = GithubGeeks;
				INFOPLIST_KEY_UIApplicationSupportsIndirectInputEvents = YES;
				INFOPLIST_KEY_UILaunchStoryboardName = LaunchScreen;
				INFOPLIST_KEY_UISupportedInterfaceOrientations = "UIInterfaceOrientationPortrait UIInterfaceOrientationPortraitUpsideDown";
				INFOPLIST_KEY_UISupportedInterfaceOrientations_iPad = "UIInterfaceOrientationPortrait UIInterfaceOrientationPortraitUpsideDown UIInterfaceOrientationLandscapeLeft UIInterfaceOrientationLandscapeRight";
				INFOPLIST_KEY_UISupportedInterfaceOrientations_iPhone = "UIInterfaceOrientationPortrait UIInterfaceOrientationLandscapeLeft UIInterfaceOrientationLandscapeRight";
				LD_RUNPATH_SEARCH_PATHS = (
					"$(inherited)",
					"@executable_path/Frameworks",
				);
				MARKETING_VERSION = 1.0;
				PRODUCT_BUNDLE_IDENTIFIER = indiestudio.me.GithubGeeks;
				PRODUCT_NAME = "$(TARGET_NAME)";
				SWIFT_EMIT_LOC_STRINGS = YES;
				SWIFT_VERSION = 5.0;
				TARGETED_DEVICE_FAMILY = "1,2";
			};
			name = Release;
		};
/* End XCBuildConfiguration section */

/* Begin XCConfigurationList section */
		51E0A27527EDABD60047FAAB /* Build configuration list for PBXProject "GithubFollowers" */ = {
			isa = XCConfigurationList;
			buildConfigurations = (
				51E0A28C27EDABD80047FAAB /* Debug */,
				51E0A28D27EDABD80047FAAB /* Release */,
			);
			defaultConfigurationIsVisible = 0;
			defaultConfigurationName = Release;
		};
		51E0A28E27EDABD80047FAAB /* Build configuration list for PBXNativeTarget "GithubFollowers" */ = {
			isa = XCConfigurationList;
			buildConfigurations = (
				51E0A28F27EDABD80047FAAB /* Debug */,
				51E0A29027EDABD80047FAAB /* Release */,
			);
			defaultConfigurationIsVisible = 0;
			defaultConfigurationName = Release;
		};
/* End XCConfigurationList section */
	};
	rootObject = 51E0A27227EDABD60047FAAB /* Project object */;
}
